
Microsoft Visual Studio Solution File, Format Version 12.00
# Visual Studio Version 16
VisualStudioVersion = 16.0.29806.167
MinimumVisualStudioVersion = 10.0.40219.1
Project("{8BC9CEB8-8B4A-11D0-8D11-00A0C91BC942}") = "PiServer", "PiServer.vcxproj", "{B3F2EDE5-93A9-4A51-A062-AD3C836694F3}"
EndProject
Global
	GlobalSection(SolutionConfigurationPlatforms) = preSolution
		Debug|ARM = Debug|ARM
		Debug|ARM64 = Debug|ARM64
		Debug|x64 = Debug|x64
		Debug|x86 = Debug|x86
		Release|ARM = Release|ARM
		Release|ARM64 = Release|ARM64
		Release|x64 = Release|x64
		Release|x86 = Release|x86
	EndGlobalSection
	GlobalSection(ProjectConfigurationPlatforms) = postSolution
		{B3F2EDE5-93A9-4A51-A062-AD3C836694F3}.Debug|ARM.ActiveCfg = Debug|ARM
		{B3F2EDE5-93A9-4A51-A062-AD3C836694F3}.Debug|ARM.Build.0 = Debug|ARM
		{B3F2EDE5-93A9-4A51-A062-AD3C836694F3}.Debug|ARM.Deploy.0 = Debug|ARM
		{B3F2EDE5-93A9-4A51-A062-AD3C836694F3}.Debug|ARM64.ActiveCfg = Debug|ARM64
		{B3F2EDE5-93A9-4A51-A062-AD3C836694F3}.Debug|ARM64.Build.0 = Debug|ARM64
		{B3F2EDE5-93A9-4A51-A062-AD3C836694F3}.Debug|ARM64.Deploy.0 = Debug|ARM64
		{B3F2EDE5-93A9-4A51-A062-AD3C836694F3}.Debug|x64.ActiveCfg = Debug|x64
		{B3F2EDE5-93A9-4A51-A062-AD3C836694F3}.Debug|x64.Build.0 = Debug|x64
		{B3F2EDE5-93A9-4A51-A062-AD3C836694F3}.Debug|x64.Deploy.0 = Debug|x64
		{B3F2EDE5-93A9-4A51-A062-AD3C836694F3}.Debug|x86.ActiveCfg = Debug|x86
		{B3F2EDE5-93A9-4A51-A062-AD3C836694F3}.Debug|x86.Build.0 = Debug|x86
		{B3F2EDE5-93A9-4A51-A062-AD3C836694F3}.Debug|x86.Deploy.0 = Debug|x86
		{B3F2EDE5-93A9-4A51-A062-AD3C836694F3}.Release|ARM.ActiveCfg = Release|ARM
		{B3F2EDE5-93A9-4A51-A062-AD3C836694F3}.Release|ARM.Build.0 = Release|ARM
		{B3F2EDE5-93A9-4A51-A062-AD3C836694F3}.Release|ARM.Deploy.0 = Release|ARM
		{B3F2EDE5-93A9-4A51-A062-AD3C836694F3}.Release|ARM64.ActiveCfg = Release|ARM64
		{B3F2EDE5-93A9-4A51-A062-AD3C836694F3}.Release|ARM64.Build.0 = Release|ARM64
		{B3F2EDE5-93A9-4A51-A062-AD3C836694F3}.Release|ARM64.Deploy.0 = Release|ARM64
		{B3F2EDE5-93A9-4A51-A062-AD3C836694F3}.Release|x64.ActiveCfg = Release|x64
		{B3F2EDE5-93A9-4A51-A062-AD3C836694F3}.Release|x64.Build.0 = Release|x64
		{B3F2EDE5-93A9-4A51-A062-AD3C836694F3}.Release|x64.Deploy.0 = Release|x64
		{B3F2EDE5-93A9-4A51-A062-AD3C836694F3}.Release|x86.ActiveCfg = Release|x86
		{B3F2EDE5-93A9-4A51-A062-AD3C836694F3}.Release|x86.Build.0 = Release|x86
		{B3F2EDE5-93A9-4A51-A062-AD3C836694F3}.Release|x86.Deploy.0 = Release|x86
	EndGlobalSection
	GlobalSection(SolutionProperties) = preSolution
		HideSolutionNode = FALSE
	EndGlobalSection
	GlobalSection(ExtensibilityGlobals) = postSolution
		SolutionGuid = {93F5EB7B-5A8C-42BE-8E96-2C799B672397}
	EndGlobalSection
EndGlobal
